
Microsoft Visual Studio Solution File, Format Version 12.00
# Visual Studio Version 17
VisualStudioVersion = 17.1.32414.318
MinimumVisualStudioVersion = 10.0.40219.1
Project("{9A19103F-16F7-4668-BE54-9A1E7A4F7556}") = "Equinor.ProCoSys.PCS5.WebApi", "Equinor.ProCoSys.PCS5.WebApi\Equinor.ProCoSys.PCS5.WebApi.csproj", "{41238CAE-6367-4F5C-B20D-D99B12FEF49B}"
EndProject
Project("{9A19103F-16F7-4668-BE54-9A1E7A4F7556}") = "Equinor.ProCoSys.PCS5.Domain", "Equinor.ProCoSys.PCS5.Domain\Equinor.ProCoSys.PCS5.Domain.csproj", "{1DBA25BE-197F-4748-846B-970E50B67BEE}"
EndProject
Project("{9A19103F-16F7-4668-BE54-9A1E7A4F7556}") = "Equinor.ProCoSys.PCS5.Infrastructure", "Equinor.ProCoSys.PCS5.Infrastructure\Equinor.ProCoSys.PCS5.Infrastructure.csproj", "{D95EDBEF-BCE7-4DF5-963F-6CE7AFB61B1A}"
EndProject
Project("{9A19103F-16F7-4668-BE54-9A1E7A4F7556}") = "Equinor.ProCoSys.PCS5.Command", "Equinor.ProCoSys.PCS5.Command\Equinor.ProCoSys.PCS5.Command.csproj", "{296F1764-9FF9-4ABF-BF47-D447E249BFAA}"
EndProject
Project("{9A19103F-16F7-4668-BE54-9A1E7A4F7556}") = "Equinor.ProCoSys.PCS5.Query", "Equinor.ProCoSys.PCS5.Query\Equinor.ProCoSys.PCS5.Query.csproj", "{79C78589-9C5E-4B7E-AFFF-63E9FD6AEDD4}"
EndProject
Project("{2150E333-8FDC-42A3-9474-1A3956D46DE8}") = "Solution Items", "Solution Items", "{946E8B4F-9EA5-4301-AFAD-14299C816709}"
	ProjectSection(SolutionItems) = preProject
		.editorconfig = .editorconfig
		Equinor.ProCoSys.PCS5.WebApi\Dockerfile = Equinor.ProCoSys.PCS5.WebApi\Dockerfile
		nuget.config = nuget.config
		..\README.md = ..\README.md
	EndProjectSection
EndProject
Project("{2150E333-8FDC-42A3-9474-1A3956D46DE8}") = "Tests", "Tests", "{DFB50BC5-5201-42FD-A049-CF0259AA7AE8}"
EndProject
Project("{9A19103F-16F7-4668-BE54-9A1E7A4F7556}") = "Equinor.ProCoSys.PCS5.ForeignApi", "Equinor.ProCoSys.PCS5.ForeignApi\Equinor.ProCoSys.PCS5.ForeignApi.csproj", "{23543495-0F03-40E3-9C8F-8E8038532764}"
EndProject
Project("{9A19103F-16F7-4668-BE54-9A1E7A4F7556}") = "Equinor.ProCoSys.PCS5.Domain.Tests", "tests\Equinor.ProCoSys.PCS5.Domain.Tests\Equinor.ProCoSys.PCS5.Domain.Tests.csproj", "{5EC1374F-7AAC-4BAF-B697-2DACCBC51A11}"
EndProject
Project("{9A19103F-16F7-4668-BE54-9A1E7A4F7556}") = "Equinor.ProCoSys.PCS5.Test.Common", "tests\Equinor.ProCoSys.PCS5.Test.Common\Equinor.ProCoSys.PCS5.Test.Common.csproj", "{1564A330-3FCB-42DD-999C-C123C7C38F33}"
EndProject
Project("{9A19103F-16F7-4668-BE54-9A1E7A4F7556}") = "Equinor.ProCoSys.PCS5.Command.Tests", "tests\Equinor.ProCoSys.PCS5.Command.Tests\Equinor.ProCoSys.PCS5.Command.Tests.csproj", "{30A2911E-DA73-4422-A14B-FDEE41F3DA8F}"
EndProject
Project("{9A19103F-16F7-4668-BE54-9A1E7A4F7556}") = "Equinor.ProCoSys.PCS5.Infrastructure.Tests", "tests\Equinor.ProCoSys.PCS5.Infrastructure.Tests\Equinor.ProCoSys.PCS5.Infrastructure.Tests.csproj", "{45FCD718-B48C-4AD4-8956-21CFB1A0360C}"
EndProject
Project("{9A19103F-16F7-4668-BE54-9A1E7A4F7556}") = "Equinor.ProCoSys.PCS5.ForeignApi.Tests", "tests\Equinor.ProCoSys.PCS5.MainApi.Tests\Equinor.ProCoSys.PCS5.ForeignApi.Tests.csproj", "{FD2AA46E-24B3-4B2A-B2A4-BC1869D8380B}"
EndProject
Project("{9A19103F-16F7-4668-BE54-9A1E7A4F7556}") = "Equinor.ProCoSys.PCS5.Query.Tests", "tests\Equinor.ProCoSys.PCS5.Query.Tests\Equinor.ProCoSys.PCS5.Query.Tests.csproj", "{EA6B1348-E392-4AAF-BFED-8DAE787F075A}"
EndProject
Project("{9A19103F-16F7-4668-BE54-9A1E7A4F7556}") = "Equinor.ProCoSys.PCS5.WebApi.Tests", "tests\Equinor.ProCoSys.PCS5.WebApi.Tests\Equinor.ProCoSys.PCS5.WebApi.Tests.csproj", "{D5E807A2-A6FB-4583-8D4C-1EBAB61B1CAF}"
EndProject
Global
	GlobalSection(SolutionConfigurationPlatforms) = preSolution
		Debug|Any CPU = Debug|Any CPU
		Release|Any CPU = Release|Any CPU
	EndGlobalSection
	GlobalSection(ProjectConfigurationPlatforms) = postSolution
		{41238CAE-6367-4F5C-B20D-D99B12FEF49B}.Debug|Any CPU.ActiveCfg = Debug|Any CPU
		{41238CAE-6367-4F5C-B20D-D99B12FEF49B}.Debug|Any CPU.Build.0 = Debug|Any CPU
		{41238CAE-6367-4F5C-B20D-D99B12FEF49B}.Release|Any CPU.ActiveCfg = Release|Any CPU
		{41238CAE-6367-4F5C-B20D-D99B12FEF49B}.Release|Any CPU.Build.0 = Release|Any CPU
		{1DBA25BE-197F-4748-846B-970E50B67BEE}.Debug|Any CPU.ActiveCfg = Debug|Any CPU
		{1DBA25BE-197F-4748-846B-970E50B67BEE}.Debug|Any CPU.Build.0 = Debug|Any CPU
		{1DBA25BE-197F-4748-846B-970E50B67BEE}.Release|Any CPU.ActiveCfg = Release|Any CPU
		{1DBA25BE-197F-4748-846B-970E50B67BEE}.Release|Any CPU.Build.0 = Release|Any CPU
		{D95EDBEF-BCE7-4DF5-963F-6CE7AFB61B1A}.Debug|Any CPU.ActiveCfg = Debug|Any CPU
		{D95EDBEF-BCE7-4DF5-963F-6CE7AFB61B1A}.Debug|Any CPU.Build.0 = Debug|Any CPU
		{D95EDBEF-BCE7-4DF5-963F-6CE7AFB61B1A}.Release|Any CPU.ActiveCfg = Release|Any CPU
		{D95EDBEF-BCE7-4DF5-963F-6CE7AFB61B1A}.Release|Any CPU.Build.0 = Release|Any CPU
		{296F1764-9FF9-4ABF-BF47-D447E249BFAA}.Debug|Any CPU.ActiveCfg = Debug|Any CPU
		{296F1764-9FF9-4ABF-BF47-D447E249BFAA}.Debug|Any CPU.Build.0 = Debug|Any CPU
		{296F1764-9FF9-4ABF-BF47-D447E249BFAA}.Release|Any CPU.ActiveCfg = Release|Any CPU
		{296F1764-9FF9-4ABF-BF47-D447E249BFAA}.Release|Any CPU.Build.0 = Release|Any CPU
		{79C78589-9C5E-4B7E-AFFF-63E9FD6AEDD4}.Debug|Any CPU.ActiveCfg = Debug|Any CPU
		{79C78589-9C5E-4B7E-AFFF-63E9FD6AEDD4}.Debug|Any CPU.Build.0 = Debug|Any CPU
		{79C78589-9C5E-4B7E-AFFF-63E9FD6AEDD4}.Release|Any CPU.ActiveCfg = Release|Any CPU
		{79C78589-9C5E-4B7E-AFFF-63E9FD6AEDD4}.Release|Any CPU.Build.0 = Release|Any CPU
		{23543495-0F03-40E3-9C8F-8E8038532764}.Debug|Any CPU.ActiveCfg = Debug|Any CPU
		{23543495-0F03-40E3-9C8F-8E8038532764}.Debug|Any CPU.Build.0 = Debug|Any CPU
		{23543495-0F03-40E3-9C8F-8E8038532764}.Release|Any CPU.ActiveCfg = Release|Any CPU
		{23543495-0F03-40E3-9C8F-8E8038532764}.Release|Any CPU.Build.0 = Release|Any CPU
		{5EC1374F-7AAC-4BAF-B697-2DACCBC51A11}.Debug|Any CPU.ActiveCfg = Debug|Any CPU
		{5EC1374F-7AAC-4BAF-B697-2DACCBC51A11}.Debug|Any CPU.Build.0 = Debug|Any CPU
		{5EC1374F-7AAC-4BAF-B697-2DACCBC51A11}.Release|Any CPU.ActiveCfg = Release|Any CPU
		{5EC1374F-7AAC-4BAF-B697-2DACCBC51A11}.Release|Any CPU.Build.0 = Release|Any CPU
		{1564A330-3FCB-42DD-999C-C123C7C38F33}.Debug|Any CPU.ActiveCfg = Debug|Any CPU
		{1564A330-3FCB-42DD-999C-C123C7C38F33}.Debug|Any CPU.Build.0 = Debug|Any CPU
		{1564A330-3FCB-42DD-999C-C123C7C38F33}.Release|Any CPU.ActiveCfg = Release|Any CPU
		{1564A330-3FCB-42DD-999C-C123C7C38F33}.Release|Any CPU.Build.0 = Release|Any CPU
		{30A2911E-DA73-4422-A14B-FDEE41F3DA8F}.Debug|Any CPU.ActiveCfg = Debug|Any CPU
		{30A2911E-DA73-4422-A14B-FDEE41F3DA8F}.Debug|Any CPU.Build.0 = Debug|Any CPU
		{30A2911E-DA73-4422-A14B-FDEE41F3DA8F}.Release|Any CPU.ActiveCfg = Release|Any CPU
		{30A2911E-DA73-4422-A14B-FDEE41F3DA8F}.Release|Any CPU.Build.0 = Release|Any CPU
		{45FCD718-B48C-4AD4-8956-21CFB1A0360C}.Debug|Any CPU.ActiveCfg = Debug|Any CPU
		{45FCD718-B48C-4AD4-8956-21CFB1A0360C}.Debug|Any CPU.Build.0 = Debug|Any CPU
		{45FCD718-B48C-4AD4-8956-21CFB1A0360C}.Release|Any CPU.ActiveCfg = Release|Any CPU
		{45FCD718-B48C-4AD4-8956-21CFB1A0360C}.Release|Any CPU.Build.0 = Release|Any CPU
		{FD2AA46E-24B3-4B2A-B2A4-BC1869D8380B}.Debug|Any CPU.ActiveCfg = Debug|Any CPU
		{FD2AA46E-24B3-4B2A-B2A4-BC1869D8380B}.Debug|Any CPU.Build.0 = Debug|Any CPU
		{FD2AA46E-24B3-4B2A-B2A4-BC1869D8380B}.Release|Any CPU.ActiveCfg = Release|Any CPU
		{FD2AA46E-24B3-4B2A-B2A4-BC1869D8380B}.Release|Any CPU.Build.0 = Release|Any CPU
		{EA6B1348-E392-4AAF-BFED-8DAE787F075A}.Debug|Any CPU.ActiveCfg = Debug|Any CPU
		{EA6B1348-E392-4AAF-BFED-8DAE787F075A}.Debug|Any CPU.Build.0 = Debug|Any CPU
		{EA6B1348-E392-4AAF-BFED-8DAE787F075A}.Release|Any CPU.ActiveCfg = Release|Any CPU
		{EA6B1348-E392-4AAF-BFED-8DAE787F075A}.Release|Any CPU.Build.0 = Release|Any CPU
		{D5E807A2-A6FB-4583-8D4C-1EBAB61B1CAF}.Debug|Any CPU.ActiveCfg = Debug|Any CPU
		{D5E807A2-A6FB-4583-8D4C-1EBAB61B1CAF}.Debug|Any CPU.Build.0 = Debug|Any CPU
		{D5E807A2-A6FB-4583-8D4C-1EBAB61B1CAF}.Release|Any CPU.ActiveCfg = Release|Any CPU
		{D5E807A2-A6FB-4583-8D4C-1EBAB61B1CAF}.Release|Any CPU.Build.0 = Release|Any CPU
	EndGlobalSection
	GlobalSection(SolutionProperties) = preSolution
		HideSolutionNode = FALSE
	EndGlobalSection
	GlobalSection(NestedProjects) = preSolution
		{5EC1374F-7AAC-4BAF-B697-2DACCBC51A11} = {DFB50BC5-5201-42FD-A049-CF0259AA7AE8}
		{1564A330-3FCB-42DD-999C-C123C7C38F33} = {DFB50BC5-5201-42FD-A049-CF0259AA7AE8}
		{30A2911E-DA73-4422-A14B-FDEE41F3DA8F} = {DFB50BC5-5201-42FD-A049-CF0259AA7AE8}
		{45FCD718-B48C-4AD4-8956-21CFB1A0360C} = {DFB50BC5-5201-42FD-A049-CF0259AA7AE8}
		{FD2AA46E-24B3-4B2A-B2A4-BC1869D8380B} = {DFB50BC5-5201-42FD-A049-CF0259AA7AE8}
		{EA6B1348-E392-4AAF-BFED-8DAE787F075A} = {DFB50BC5-5201-42FD-A049-CF0259AA7AE8}
		{D5E807A2-A6FB-4583-8D4C-1EBAB61B1CAF} = {DFB50BC5-5201-42FD-A049-CF0259AA7AE8}
	EndGlobalSection
	GlobalSection(ExtensibilityGlobals) = postSolution
		SolutionGuid = {C79730D0-E4C2-474A-9D04-1C07256B6DF3}
	EndGlobalSection
EndGlobal
